{
  "name": "ptd21-chess",
  "version": "1.0.0",
  "lockfileVersion": 3,
  "requires": true,
  "packages": {
    "": {
      "name": "ptd21-chess",
      "version": "1.0.0",
      "hasInstallScript": true,
      "dependencies": {
        "ptd21-chess": "file:"
      }
    },
    "node_modules/ptd21-chess": {
      "resolved": "",
      "link": true
    }
  }
}
